// !$*UTF8*$!
{
	archiveVersion = 1;
	classes = {
	};
	objectVersion = 46;
	objects = {

/* Begin PBXBuildFile section */
		287F1A231EA69C6700B0F1EC /* EyeType.cpp in Sources */ = {isa = PBXBuildFile; fileRef = 287F1A221EA69C6700B0F1EC /* EyeType.cpp */; };
		28B3AEE21EA5064E0046E223 /* WhichEye.cpp in Sources */ = {isa = PBXBuildFile; fileRef = 28B3AEE01EA5064E0046E223 /* WhichEye.cpp */; };
		28B3AEE31EA5064E0046E223 /* WhichEye.hpp in Headers */ = {isa = PBXBuildFile; fileRef = 28B3AEE11EA5064E0046E223 /* WhichEye.hpp */; settings = {ATTRIBUTES = (Public, ); }; };
		28B3AF021EA51E170046E223 /* EyeType.hpp in Headers */ = {isa = PBXBuildFile; fileRef = 28B3AF011EA51DD00046E223 /* EyeType.hpp */; settings = {ATTRIBUTES = (Public, ); }; };
/* End PBXBuildFile section */

/* Begin PBXFileReference section */
		287F1A221EA69C6700B0F1EC /* EyeType.cpp */ = {isa = PBXFileReference; fileEncoding = 4; lastKnownFileType = sourcecode.cpp.cpp; name = EyeType.cpp; path = WhichEye/EyeType.cpp; sourceTree = "<group>"; };
		28B3AECF1EA3EF230046E223 /* libWhichEye.a */ = {isa = PBXFileReference; explicitFileType = archive.ar; includeInIndex = 0; path = libWhichEye.a; sourceTree = BUILT_PRODUCTS_DIR; };
		28B3AEE01EA5064E0046E223 /* WhichEye.cpp */ = {isa = PBXFileReference; fileEncoding = 4; lastKnownFileType = sourcecode.cpp.cpp; name = WhichEye.cpp; path = WhichEye/WhichEye.cpp; sourceTree = "<group>"; };
		28B3AEE11EA5064E0046E223 /* WhichEye.hpp */ = {isa = PBXFileReference; fileEncoding = 4; lastKnownFileType = sourcecode.cpp.h; name = WhichEye.hpp; path = WhichEye/WhichEye.hpp; sourceTree = "<group>"; };
		28B3AF011EA51DD00046E223 /* EyeType.hpp */ = {isa = PBXFileReference; explicitFileType = sourcecode.cpp.h; name = EyeType.hpp; path = WhichEye/EyeType.hpp; sourceTree = "<group>"; };
/* End PBXFileReference section */

/* Begin PBXFrameworksBuildPhase section */
		28B3AECC1EA3EF230046E223 /* Frameworks */ = {
			isa = PBXFrameworksBuildPhase;
			buildActionMask = 2147483647;
			files = (
			);
			runOnlyForDeploymentPostprocessing = 0;
		};
/* End PBXFrameworksBuildPhase section */

/* Begin PBXGroup section */
		28B3AEC61EA3EF230046E223 = {
			isa = PBXGroup;
			children = (
				28B3AEDF1EA506360046E223 /* Source */,
				28B3AED01EA3EF230046E223 /* Products */,
			);
			sourceTree = "<group>";
		};
		28B3AED01EA3EF230046E223 /* Products */ = {
			isa = PBXGroup;
			children = (
				28B3AECF1EA3EF230046E223 /* libWhichEye.a */,
			);
			name = Products;
			sourceTree = "<group>";
		};
		28B3AEDF1EA506360046E223 /* Source */ = {
			isa = PBXGroup;
			children = (
				28B3AEE01EA5064E0046E223 /* WhichEye.cpp */,
				28B3AEE11EA5064E0046E223 /* WhichEye.hpp */,
				287F1A221EA69C6700B0F1EC /* EyeType.cpp */,
				28B3AF011EA51DD00046E223 /* EyeType.hpp */,
			);
			name = Source;
			sourceTree = "<group>";
		};
/* End PBXGroup section */

/* Begin PBXHeadersBuildPhase section */
		28B3AECD1EA3EF230046E223 /* Headers */ = {
			isa = PBXHeadersBuildPhase;
			buildActionMask = 2147483647;
			files = (
				28B3AF021EA51E170046E223 /* EyeType.hpp in Headers */,
				28B3AEE31EA5064E0046E223 /* WhichEye.hpp in Headers */,
			);
			runOnlyForDeploymentPostprocessing = 0;
		};
/* End PBXHeadersBuildPhase section */

/* Begin PBXNativeTarget section */
		28B3AECE1EA3EF230046E223 /* WhichEye */ = {
			isa = PBXNativeTarget;
			buildConfigurationList = 28B3AED31EA3EF230046E223 /* Build configuration list for PBXNativeTarget "WhichEye" */;
			buildPhases = (
				28B3AECB1EA3EF230046E223 /* Sources */,
				28B3AECC1EA3EF230046E223 /* Frameworks */,
				28B3AECD1EA3EF230046E223 /* Headers */,
			);
			buildRules = (
			);
			dependencies = (
			);
			name = WhichEye;
			productName = WhichEye;
			productReference = 28B3AECF1EA3EF230046E223 /* libWhichEye.a */;
			productType = "com.apple.product-type.library.static";
		};
/* End PBXNativeTarget section */

/* Begin PBXProject section */
		28B3AEC71EA3EF230046E223 /* Project object */ = {
			isa = PBXProject;
			attributes = {
				LastUpgradeCheck = 0830;
				ORGANIZATIONNAME = "Rafal Kitta";
				TargetAttributes = {
					28B3AECE1EA3EF230046E223 = {
						CreatedOnToolsVersion = 8.3;
						ProvisioningStyle = Automatic;
					};
				};
			};
			buildConfigurationList = 28B3AECA1EA3EF230046E223 /* Build configuration list for PBXProject "WhichEye" */;
			compatibilityVersion = "Xcode 3.2";
			developmentRegion = English;
			hasScannedForEncodings = 0;
			knownRegions = (
				en,
			);
			mainGroup = 28B3AEC61EA3EF230046E223;
			productRefGroup = 28B3AED01EA3EF230046E223 /* Products */;
			projectDirPath = "";
			projectRoot = "";
			targets = (
				28B3AECE1EA3EF230046E223 /* WhichEye */,
			);
		};
/* End PBXProject section */

/* Begin PBXSourcesBuildPhase section */
		28B3AECB1EA3EF230046E223 /* Sources */ = {
			isa = PBXSourcesBuildPhase;
			buildActionMask = 2147483647;
			files = (
				28B3AEE21EA5064E0046E223 /* WhichEye.cpp in Sources */,
				287F1A231EA69C6700B0F1EC /* EyeType.cpp in Sources */,
			);
			runOnlyForDeploymentPostprocessing = 0;
		};
/* End PBXSourcesBuildPhase section */

/* Begin XCBuildConfiguration section */
		28B3AED11EA3EF230046E223 /* Debug */ = {
			isa = XCBuildConfiguration;
			buildSettings = {
				ALWAYS_SEARCH_USER_PATHS = NO;
				CLANG_ANALYZER_NONNULL = YES;
				CLANG_ANALYZER_NUMBER_OBJECT_CONVERSION = YES_AGGRESSIVE;
				CLANG_CXX_LANGUAGE_STANDARD = "gnu++0x";
				CLANG_CXX_LIBRARY = "libc++";
				CLANG_ENABLE_MODULES = YES;
				CLANG_ENABLE_OBJC_ARC = YES;
				CLANG_WARN_BOOL_CONVERSION = YES;
				CLANG_WARN_CONSTANT_CONVERSION = YES;
				CLANG_WARN_DIRECT_OBJC_ISA_USAGE = YES_ERROR;
				CLANG_WARN_DOCUMENTATION_COMMENTS = YES;
				CLANG_WARN_EMPTY_BODY = YES;
				CLANG_WARN_ENUM_CONVERSION = YES;
				CLANG_WARN_INFINITE_RECURSION = YES;
				CLANG_WARN_INT_CONVERSION = YES;
				CLANG_WARN_OBJC_ROOT_CLASS = YES_ERROR;
				CLANG_WARN_SUSPICIOUS_MOVE = YES;
				CLANG_WARN_UNREACHABLE_CODE = YES;
				CLANG_WARN__DUPLICATE_METHOD_MATCH = YES;
				CODE_SIGN_IDENTITY = "-";
				COPY_PHASE_STRIP = NO;
				DEBUG_INFORMATION_FORMAT = dwarf;
				ENABLE_STRICT_OBJC_MSGSEND = YES;
				ENABLE_TESTABILITY = YES;
				GCC_C_LANGUAGE_STANDARD = gnu99;
				GCC_DYNAMIC_NO_PIC = NO;
				GCC_NO_COMMON_BLOCKS = YES;
				GCC_OPTIMIZATION_LEVEL = 0;
				GCC_PREPROCESSOR_DEFINITIONS = (
					"DEBUG=1",
					"$(inherited)",
				);
				GCC_WARN_64_TO_32_BIT_CONVERSION = YES;
				GCC_WARN_ABOUT_RETURN_TYPE = YES_ERROR;
				GCC_WARN_UNDECLARED_SELECTOR = YES;
				GCC_WARN_UNINITIALIZED_AUTOS = YES_AGGRESSIVE;
				GCC_WARN_UNUSED_FUNCTION = YES;
				GCC_WARN_UNUSED_VARIABLE = YES;
				MACOSX_DEPLOYMENT_TARGET = 10.10;
				MTL_ENABLE_DEBUG_INFO = YES;
				ONLY_ACTIVE_ARCH = YES;
				SDKROOT = macosx;
			};
			name = Debug;
		};
		28B3AED21EA3EF230046E223 /* Release */ = {
			isa = XCBuildConfiguration;
			buildSettings = {
				ALWAYS_SEARCH_USER_PATHS = NO;
				CLANG_ANALYZER_NONNULL = YES;
				CLANG_ANALYZER_NUMBER_OBJECT_CONVERSION = YES_AGGRESSIVE;
				CLANG_CXX_LANGUAGE_STANDARD = "gnu++0x";
				CLANG_CXX_LIBRARY = "libc++";
				CLANG_ENABLE_MODULES = YES;
				CLANG_ENABLE_OBJC_ARC = YES;
				CLANG_WARN_BOOL_CONVERSION = YES;
				CLANG_WARN_CONSTANT_CONVERSION = YES;
				CLANG_WARN_DIRECT_OBJC_ISA_USAGE = YES_ERROR;
				CLANG_WARN_DOCUMENTATION_COMMENTS = YES;
				CLANG_WARN_EMPTY_BODY = YES;
				CLANG_WARN_ENUM_CONVERSION = YES;
				CLANG_WARN_INFINITE_RECURSION = YES;
				CLANG_WARN_INT_CONVERSION = YES;
				CLANG_WARN_OBJC_ROOT_CLASS = YES_ERROR;
				CLANG_WARN_SUSPICIOUS_MOVE = YES;
				CLANG_WARN_UNREACHABLE_CODE = YES;
				CLANG_WARN__DUPLICATE_METHOD_MATCH = YES;
				CODE_SIGN_IDENTITY = "-";
				COPY_PHASE_STRIP = NO;
				DEBUG_INFORMATION_FORMAT = "dwarf-with-dsym";
				ENABLE_NS_ASSERTIONS = NO;
				ENABLE_STRICT_OBJC_MSGSEND = YES;
				GCC_C_LANGUAGE_STANDARD = gnu99;
				GCC_NO_COMMON_BLOCKS = YES;
				GCC_WARN_64_TO_32_BIT_CONVERSION = YES;
				GCC_WARN_ABOUT_RETURN_TYPE = YES_ERROR;
				GCC_WARN_UNDECLARED_SELECTOR = YES;
				GCC_WARN_UNINITIALIZED_AUTOS = YES_AGGRESSIVE;
				GCC_WARN_UNUSED_FUNCTION = YES;
				GCC_WARN_UNUSED_VARIABLE = YES;
				MACOSX_DEPLOYMENT_TARGET = 10.10;
				MTL_ENABLE_DEBUG_INFO = NO;
				SDKROOT = macosx;
			};
			name = Release;
		};
		28B3AED41EA3EF230046E223 /* Debug */ = {
			isa = XCBuildConfiguration;
			buildSettings = {
				ALWAYS_SEARCH_USER_PATHS = YES;
				EXECUTABLE_PREFIX = lib;
				HEADER_SEARCH_PATHS = /usr/local/include;
				LIBRARY_SEARCH_PATHS = /usr/local/lib;
				OTHER_LDFLAGS = (
					"-lopencv_calib3d",
					"-lopencv_core",
					"-lopencv_features2d",
					"-lopencv_flann",
					"-lopencv_highgui",
					"-lopencv_imgcodecs",
					"-lopencv_imgproc",
					"-lopencv_ml",
					"-lopencv_objdetect",
					"-lopencv_photo",
					"-lopencv_shape",
					"-lopencv_stitching",
					"-lopencv_superres",
					"-lopencv_video",
					"-lopencv_videoio",
					"-lopencv_videostab",
				);
				PRODUCT_NAME = "$(TARGET_NAME)";
				PUBLIC_HEADERS_FOLDER_PATH = "include/$(TARGET_NAME)";
			};
			name = Debug;
		};
		28B3AED51EA3EF230046E223 /* Release */ = {
			isa = XCBuildConfiguration;
			buildSettings = {
				ALWAYS_SEARCH_USER_PATHS = YES;
				EXECUTABLE_PREFIX = lib;
				HEADER_SEARCH_PATHS = /usr/local/include;
				LIBRARY_SEARCH_PATHS = /usr/local/lib;
				OTHER_LDFLAGS = (
					"-lopencv_calib3d",
					"-lopencv_core",
					"-lopencv_features2d",
					"-lopencv_flann",
					"-lopencv_highgui",
					"-lopencv_imgcodecs",
					"-lopencv_imgproc",
					"-lopencv_ml",
					"-lopencv_objdetect",
					"-lopencv_photo",
					"-lopencv_shape",
					"-lopencv_stitching",
					"-lopencv_superres",
					"-lopencv_video",
					"-lopencv_videoio",
					"-lopencv_videostab",
				);
				PRODUCT_NAME = "$(TARGET_NAME)";
				PUBLIC_HEADERS_FOLDER_PATH = "include/$(TARGET_NAME)";
			};
			name = Release;
		};
/* End XCBuildConfiguration section */

/* Begin XCConfigurationList section */
		28B3AECA1EA3EF230046E223 /* Build configuration list for PBXProject "WhichEye" */ = {
			isa = XCConfigurationList;
			buildConfigurations = (
				28B3AED11EA3EF230046E223 /* Debug */,
				28B3AED21EA3EF230046E223 /* Release */,
			);
			defaultConfigurationIsVisible = 0;
			defaultConfigurationName = Release;
		};
		28B3AED31EA3EF230046E223 /* Build configuration list for PBXNativeTarget "WhichEye" */ = {
			isa = XCConfigurationList;
			buildConfigurations = (
				28B3AED41EA3EF230046E223 /* Debug */,
				28B3AED51EA3EF230046E223 /* Release */,
			);
			defaultConfigurationIsVisible = 0;
			defaultConfigurationName = Release;
		};
/* End XCConfigurationList section */
	};
	rootObject = 28B3AEC71EA3EF230046E223 /* Project object */;
}
